Microsoft Visual Studio Solution File, Format Version 12.00
# Visual Studio Version 17
VisualStudioVersion = 17.5.2.0
MinimumVisualStudioVersion = 10.0.40219.1
Project("{FAE04EC0-301F-11D3-BF4B-00C04F79EFBC}") = "SqliteInteraction", "SqliteInteraction\SqliteInteraction.csproj", "{2CE40DEB-9CED-FDF4-664B-69EB4000DAFE}"
EndProject
Global
	GlobalSection(SolutionConfigurationPlatforms) = preSolution
		Debug|Any CPU = Debug|Any CPU
		Release|Any CPU = Release|Any CPU
	EndGlobalSection
	GlobalSection(ProjectConfigurationPlatforms) = postSolution
		{2CE40DEB-9CED-FDF4-664B-69EB4000DAFE}.Debug|Any CPU.ActiveCfg = Debug|Any CPU
		{2CE40DEB-9CED-FDF4-664B-69EB4000DAFE}.Debug|Any CPU.Build.0 = Debug|Any CPU
		{2CE40DEB-9CED-FDF4-664B-69EB4000DAFE}.Release|Any CPU.ActiveCfg = Release|Any CPU
		{2CE40DEB-9CED-FDF4-664B-69EB4000DAFE}.Release|Any CPU.Build.0 = Release|Any CPU
	EndGlobalSection
	GlobalSection(SolutionProperties) = preSolution
		HideSolutionNode = FALSE
	EndGlobalSection
	GlobalSection(ExtensibilityGlobals) = postSolution
		SolutionGuid = {B8DC5FA1-6395-4B29-9F4E-FEFCA0295241}
	EndGlobalSection
EndGlobal
